PODS:
  - EasyTracking (1.6.2):
    - EasyTracking/Core (= 1.6.2)
  - EasyTracking/Core (1.6.2):
    - OasisJSBridge
  - EasyTracking/EchoTracker (1.6.2):
    - EasyTracking/Core
  - OasisJSBridge (0.3.8)
  - ZappCore (0.9.16)
  - ZappPlugins (11.7.1):
    - ZappCore

DEPENDENCIES:
  - EasyTracking
  - EasyTracking/EchoTracker
  - ZappPlugins

SPEC REPOS:
  "git@github.com:applicaster/CocoaPods.git":
    - ZappCore
    - ZappPlugins
  "https://7sports-applicaster-token:MZ3z_WMeyR6HxmZ1c9Y2@gitlab.p7s1.io/platforms-ios/CocoaPods-Specs.git":
    - EasyTracking
  https://cdn.cocoapods.org/:
    - OasisJSBridge

SPEC CHECKSUMS:
  EasyTracking: 17372a76dd6e3458d576299bdcdab44e46072750
  OasisJSBridge: 13b21eb8b6f98bedbf3d1a27bfa896d0f5f611bf
  ZappCore: 8d057418e422657f7521689b6a2844e31baede88
  ZappPlugins: acc9cbefdb0193b9eb80fca23ed0d02ddfce4573

PODFILE CHECKSUM: 44697755536cb6d1d6ff9f2331f04280526e4fc3

COCOAPODS: 1.7.5
