// !$*UTF8*$!
{
	archiveVersion = 1;
	classes = {
	};
	objectVersion = 51;
	objects = {

/* Begin PBXBuildFile section */
		07BF12722534EF140066D6E1 /* IVWEvent.swift in Sources */ = {isa = PBXBuildFile; fileRef = 07BF12712534EF140066D6E1 /* IVWEvent.swift */; };
		1DEFB58124923AED0091A3C4 /* EasyTrackingAnalytics.framework in Frameworks */ = {isa = PBXBuildFile; fileRef = 1DEFB57724923AED0091A3C4 /* EasyTrackingAnalytics.framework */; };
		1DEFB58624923AED0091A3C4 /* EasyTrackingAnalyticsTests.swift in Sources */ = {isa = PBXBuildFile; fileRef = 1DEFB58524923AED0091A3C4 /* EasyTrackingAnalyticsTests.swift */; };
		1DEFB58824923AED0091A3C4 /* EasyTrackingAnalytics.h in Headers */ = {isa = PBXBuildFile; fileRef = 1DEFB57A24923AED0091A3C4 /* EasyTrackingAnalytics.h */; settings = {ATTRIBUTES = (Public, ); }; };
		1DEFB59224923CD50091A3C4 /* EasyTrackingProvider.swift in Sources */ = {isa = PBXBuildFile; fileRef = 1DEFB59124923CD50091A3C4 /* EasyTrackingProvider.swift */; };
		47A178F07637C67251AFD939 /* Pods_EasyTrackingAnalytics_EasyTrackingAnalyticsTests.framework in Frameworks */ = {isa = PBXBuildFile; fileRef = 82A00699B78D704C1E0F3F7F /* Pods_EasyTrackingAnalytics_EasyTrackingAnalyticsTests.framework */; };
		C56302AE24FFA5BC003B8AF5 /* Podspec-templates in Resources */ = {isa = PBXBuildFile; fileRef = C56302AB24FFA5BC003B8AF5 /* Podspec-templates */; };
		C56302AF24FFA5BC003B8AF5 /* plugin-manifest.json in Resources */ = {isa = PBXBuildFile; fileRef = C56302AC24FFA5BC003B8AF5 /* plugin-manifest.json */; };
		C56302B024FFA5BC003B8AF5 /* EasyTrackingAnalytics.podspec in Resources */ = {isa = PBXBuildFile; fileRef = C56302AD24FFA5BC003B8AF5 /* EasyTrackingAnalytics.podspec */; };
		DEDCC9628010945670DCBA88 /* Pods_EasyTrackingAnalytics.framework in Frameworks */ = {isa = PBXBuildFile; fileRef = DB0B584F19858277A43C2168 /* Pods_EasyTrackingAnalytics.framework */; };
/* End PBXBuildFile section */

/* Begin PBXContainerItemProxy section */
		1DEFB58224923AED0091A3C4 /* PBXContainerItemProxy */ = {
			isa = PBXContainerItemProxy;
			containerPortal = 1DEFB56E24923AED0091A3C4 /* Project object */;
			proxyType = 1;
			remoteGlobalIDString = 1DEFB57624923AED0091A3C4;
			remoteInfo = EasyTrackingAnalytics;
		};
/* End PBXContainerItemProxy section */

/* Begin PBXFileReference section */
		07BF12712534EF140066D6E1 /* IVWEvent.swift */ = {isa = PBXFileReference; fileEncoding = 4; lastKnownFileType = sourcecode.swift; path = IVWEvent.swift; sourceTree = "<group>"; };
		1D62BA5F249F6A670008F9E1 /* libAdIdAccessLibrary.a */ = {isa = PBXFileReference; lastKnownFileType = archive.ar; name = libAdIdAccessLibrary.a; path = Pods/GoogleIDFASupport/Libraries/libAdIdAccessLibrary.a; sourceTree = "<group>"; };
		1DEFB57724923AED0091A3C4 /* EasyTrackingAnalytics.framework */ = {isa = PBXFileReference; explicitFileType = wrapper.framework; includeInIndex = 0; path = EasyTrackingAnalytics.framework; sourceTree = BUILT_PRODUCTS_DIR; };
		1DEFB57A24923AED0091A3C4 /* EasyTrackingAnalytics.h */ = {isa = PBXFileReference; lastKnownFileType = sourcecode.c.h; path = EasyTrackingAnalytics.h; sourceTree = "<group>"; };
		1DEFB57B24923AED0091A3C4 /* Info.plist */ = {isa = PBXFileReference; lastKnownFileType = text.plist.xml; path = Info.plist; sourceTree = "<group>"; };
		1DEFB58024923AED0091A3C4 /* EasyTrackingAnalyticsTests.xctest */ = {isa = PBXFileReference; explicitFileType = wrapper.cfbundle; includeInIndex = 0; path = EasyTrackingAnalyticsTests.xctest; sourceTree = BUILT_PRODUCTS_DIR; };
		1DEFB58524923AED0091A3C4 /* EasyTrackingAnalyticsTests.swift */ = {isa = PBXFileReference; lastKnownFileType = sourcecode.swift; path = EasyTrackingAnalyticsTests.swift; sourceTree = "<group>"; };
		1DEFB58724923AED0091A3C4 /* Info.plist */ = {isa = PBXFileReference; lastKnownFileType = text.plist.xml; path = Info.plist; sourceTree = "<group>"; };
		1DEFB59124923CD50091A3C4 /* EasyTrackingProvider.swift */ = {isa = PBXFileReference; fileEncoding = 4; lastKnownFileType = sourcecode.swift; path = EasyTrackingProvider.swift; sourceTree = "<group>"; };
		60596C7E60AF94B3C24006D2 /* Pods-EasyTrackingAnalytics-EasyTrackingAnalyticsTests.debug.xcconfig */ = {isa = PBXFileReference; includeInIndex = 1; lastKnownFileType = text.xcconfig; name = "Pods-EasyTrackingAnalytics-EasyTrackingAnalyticsTests.debug.xcconfig"; path = "Target Support Files/Pods-EasyTrackingAnalytics-EasyTrackingAnalyticsTests/Pods-EasyTrackingAnalytics-EasyTrackingAnalyticsTests.debug.xcconfig"; sourceTree = "<group>"; };
		6E92943D6F16CAE935103C6D /* Pods-EasyTrackingAnalytics-EasyTrackingAnalyticsTests.release.xcconfig */ = {isa = PBXFileReference; includeInIndex = 1; lastKnownFileType = text.xcconfig; name = "Pods-EasyTrackingAnalytics-EasyTrackingAnalyticsTests.release.xcconfig"; path = "Target Support Files/Pods-EasyTrackingAnalytics-EasyTrackingAnalyticsTests/Pods-EasyTrackingAnalytics-EasyTrackingAnalyticsTests.release.xcconfig"; sourceTree = "<group>"; };
		82A00699B78D704C1E0F3F7F /* Pods_EasyTrackingAnalytics_EasyTrackingAnalyticsTests.framework */ = {isa = PBXFileReference; explicitFileType = wrapper.framework; includeInIndex = 0; path = Pods_EasyTrackingAnalytics_EasyTrackingAnalyticsTests.framework; sourceTree = BUILT_PRODUCTS_DIR; };
		AE493D6B98234BBF9CF05C97 /* Pods-EasyTrackingAnalytics.debug.xcconfig */ = {isa = PBXFileReference; includeInIndex = 1; lastKnownFileType = text.xcconfig; name = "Pods-EasyTrackingAnalytics.debug.xcconfig"; path = "Target Support Files/Pods-EasyTrackingAnalytics/Pods-EasyTrackingAnalytics.debug.xcconfig"; sourceTree = "<group>"; };
		B6A4DD670BCB982FAB334D91 /* Pods-EasyTrackingAnalytics.release.xcconfig */ = {isa = PBXFileReference; includeInIndex = 1; lastKnownFileType = text.xcconfig; name = "Pods-EasyTrackingAnalytics.release.xcconfig"; path = "Target Support Files/Pods-EasyTrackingAnalytics/Pods-EasyTrackingAnalytics.release.xcconfig"; sourceTree = "<group>"; };
		C56302AB24FFA5BC003B8AF5 /* Podspec-templates */ = {isa = PBXFileReference; lastKnownFileType = folder; path = "Podspec-templates"; sourceTree = "<group>"; };
		C56302AC24FFA5BC003B8AF5 /* plugin-manifest.json */ = {isa = PBXFileReference; fileEncoding = 4; lastKnownFileType = text.json; name = "plugin-manifest.json"; path = "Manifest/plugin-manifest.json"; sourceTree = "<group>"; };
		C56302AD24FFA5BC003B8AF5 /* EasyTrackingAnalytics.podspec */ = {isa = PBXFileReference; fileEncoding = 4; lastKnownFileType = text; path = EasyTrackingAnalytics.podspec; sourceTree = "<group>"; };
		DB0B584F19858277A43C2168 /* Pods_EasyTrackingAnalytics.framework */ = {isa = PBXFileReference; explicitFileType = wrapper.framework; includeInIndex = 0; path = Pods_EasyTrackingAnalytics.framework; sourceTree = BUILT_PRODUCTS_DIR; };
/* End PBXFileReference section */

/* Begin PBXFrameworksBuildPhase section */
		1DEFB57424923AED0091A3C4 /* Frameworks */ = {
			isa = PBXFrameworksBuildPhase;
			buildActionMask = 2147483647;
			files = (
				DEDCC9628010945670DCBA88 /* Pods_EasyTrackingAnalytics.framework in Frameworks */,
			);
			runOnlyForDeploymentPostprocessing = 0;
		};
		1DEFB57D24923AED0091A3C4 /* Frameworks */ = {
			isa = PBXFrameworksBuildPhase;
			buildActionMask = 2147483647;
			files = (
				1DEFB58124923AED0091A3C4 /* EasyTrackingAnalytics.framework in Frameworks */,
				47A178F07637C67251AFD939 /* Pods_EasyTrackingAnalytics_EasyTrackingAnalyticsTests.framework in Frameworks */,
			);
			runOnlyForDeploymentPostprocessing = 0;
		};
/* End PBXFrameworksBuildPhase section */

/* Begin PBXGroup section */
		1DEFB56D24923AED0091A3C4 = {
			isa = PBXGroup;
			children = (
				C56302AD24FFA5BC003B8AF5 /* EasyTrackingAnalytics.podspec */,
				C56302AC24FFA5BC003B8AF5 /* plugin-manifest.json */,
				C56302AB24FFA5BC003B8AF5 /* Podspec-templates */,
				1DEFB57924923AED0091A3C4 /* EasyTrackingAnalytics */,
				1DEFB58424923AED0091A3C4 /* EasyTrackingAnalyticsTests */,
				1DEFB57824923AED0091A3C4 /* Products */,
				285EDB9E7DC2F6848CD61638 /* Pods */,
				6AAC90F4FF7CFC0A086FF523 /* Frameworks */,
			);
			sourceTree = "<group>";
		};
		1DEFB57824923AED0091A3C4 /* Products */ = {
			isa = PBXGroup;
			children = (
				1DEFB57724923AED0091A3C4 /* EasyTrackingAnalytics.framework */,
				1DEFB58024923AED0091A3C4 /* EasyTrackingAnalyticsTests.xctest */,
			);
			name = Products;
			sourceTree = "<group>";
		};
		1DEFB57924923AED0091A3C4 /* EasyTrackingAnalytics */ = {
			isa = PBXGroup;
			children = (
				07BF12712534EF140066D6E1 /* IVWEvent.swift */,
				1DEFB59124923CD50091A3C4 /* EasyTrackingProvider.swift */,
				1DEFB57A24923AED0091A3C4 /* EasyTrackingAnalytics.h */,
				1DEFB57B24923AED0091A3C4 /* Info.plist */,
			);
			path = EasyTrackingAnalytics;
			sourceTree = "<group>";
		};
		1DEFB58424923AED0091A3C4 /* EasyTrackingAnalyticsTests */ = {
			isa = PBXGroup;
			children = (
				1DEFB58524923AED0091A3C4 /* EasyTrackingAnalyticsTests.swift */,
				1DEFB58724923AED0091A3C4 /* Info.plist */,
			);
			path = EasyTrackingAnalyticsTests;
			sourceTree = "<group>";
		};
		285EDB9E7DC2F6848CD61638 /* Pods */ = {
			isa = PBXGroup;
			children = (
				AE493D6B98234BBF9CF05C97 /* Pods-EasyTrackingAnalytics.debug.xcconfig */,
				B6A4DD670BCB982FAB334D91 /* Pods-EasyTrackingAnalytics.release.xcconfig */,
				60596C7E60AF94B3C24006D2 /* Pods-EasyTrackingAnalytics-EasyTrackingAnalyticsTests.debug.xcconfig */,
				6E92943D6F16CAE935103C6D /* Pods-EasyTrackingAnalytics-EasyTrackingAnalyticsTests.release.xcconfig */,
			);
			path = Pods;
			sourceTree = "<group>";
		};
		6AAC90F4FF7CFC0A086FF523 /* Frameworks */ = {
			isa = PBXGroup;
			children = (
				1D62BA5F249F6A670008F9E1 /* libAdIdAccessLibrary.a */,
				DB0B584F19858277A43C2168 /* Pods_EasyTrackingAnalytics.framework */,
				82A00699B78D704C1E0F3F7F /* Pods_EasyTrackingAnalytics_EasyTrackingAnalyticsTests.framework */,
			);
			name = Frameworks;
			sourceTree = "<group>";
		};
/* End PBXGroup section */

/* Begin PBXHeadersBuildPhase section */
		1DEFB57224923AED0091A3C4 /* Headers */ = {
			isa = PBXHeadersBuildPhase;
			buildActionMask = 2147483647;
			files = (
				1DEFB58824923AED0091A3C4 /* EasyTrackingAnalytics.h in Headers */,
			);
			runOnlyForDeploymentPostprocessing = 0;
		};
/* End PBXHeadersBuildPhase section */

/* Begin PBXNativeTarget section */
		1DEFB57624923AED0091A3C4 /* EasyTrackingAnalytics */ = {
			isa = PBXNativeTarget;
			buildConfigurationList = 1DEFB58B24923AED0091A3C4 /* Build configuration list for PBXNativeTarget "EasyTrackingAnalytics" */;
			buildPhases = (
				9C99A0690E744583C962E01B /* [CP] Check Pods Manifest.lock */,
				1DEFB57224923AED0091A3C4 /* Headers */,
				1DEFB57324923AED0091A3C4 /* Sources */,
				1DEFB57424923AED0091A3C4 /* Frameworks */,
				1DEFB57524923AED0091A3C4 /* Resources */,
			);
			buildRules = (
			);
			dependencies = (
			);
			name = EasyTrackingAnalytics;
			productName = EasyTrackingAnalytics;
			productReference = 1DEFB57724923AED0091A3C4 /* EasyTrackingAnalytics.framework */;
			productType = "com.apple.product-type.framework";
		};
		1DEFB57F24923AED0091A3C4 /* EasyTrackingAnalyticsTests */ = {
			isa = PBXNativeTarget;
			buildConfigurationList = 1DEFB58E24923AED0091A3C4 /* Build configuration list for PBXNativeTarget "EasyTrackingAnalyticsTests" */;
			buildPhases = (
				90A3746EFF32629C7F960713 /* [CP] Check Pods Manifest.lock */,
				1DEFB57C24923AED0091A3C4 /* Sources */,
				1DEFB57D24923AED0091A3C4 /* Frameworks */,
				1DEFB57E24923AED0091A3C4 /* Resources */,
				C8931C9859DCF5B991CA49A0 /* [CP] Embed Pods Frameworks */,
			);
			buildRules = (
			);
			dependencies = (
				1DEFB58324923AED0091A3C4 /* PBXTargetDependency */,
			);
			name = EasyTrackingAnalyticsTests;
			productName = EasyTrackingAnalyticsTests;
			productReference = 1DEFB58024923AED0091A3C4 /* EasyTrackingAnalyticsTests.xctest */;
			productType = "com.apple.product-type.bundle.unit-test";
		};
/* End PBXNativeTarget section */

/* Begin PBXProject section */
		1DEFB56E24923AED0091A3C4 /* Project object */ = {
			isa = PBXProject;
			attributes = {
				LastSwiftUpdateCheck = 1120;
				LastUpgradeCheck = 1120;
				ORGANIZATIONNAME = Applicaster;
				TargetAttributes = {
					1DEFB57624923AED0091A3C4 = {
						CreatedOnToolsVersion = 11.2.1;
						LastSwiftMigration = 1120;
					};
					1DEFB57F24923AED0091A3C4 = {
						CreatedOnToolsVersion = 11.2.1;
					};
				};
			};
			buildConfigurationList = 1DEFB57124923AED0091A3C4 /* Build configuration list for PBXProject "EasyTrackingAnalytics" */;
			compatibilityVersion = "Xcode 9.3";
			developmentRegion = en;
			hasScannedForEncodings = 0;
			knownRegions = (
				en,
				Base,
			);
			mainGroup = 1DEFB56D24923AED0091A3C4;
			productRefGroup = 1DEFB57824923AED0091A3C4 /* Products */;
			projectDirPath = "";
			projectRoot = "";
			targets = (
				1DEFB57624923AED0091A3C4 /* EasyTrackingAnalytics */,
				1DEFB57F24923AED0091A3C4 /* EasyTrackingAnalyticsTests */,
			);
		};
/* End PBXProject section */

/* Begin PBXResourcesBuildPhase section */
		1DEFB57524923AED0091A3C4 /* Resources */ = {
			isa = PBXResourcesBuildPhase;
			buildActionMask = 2147483647;
			files = (
				C56302B024FFA5BC003B8AF5 /* EasyTrackingAnalytics.podspec in Resources */,
				C56302AE24FFA5BC003B8AF5 /* Podspec-templates in Resources */,
				C56302AF24FFA5BC003B8AF5 /* plugin-manifest.json in Resources */,
			);
			runOnlyForDeploymentPostprocessing = 0;
		};
		1DEFB57E24923AED0091A3C4 /* Resources */ = {
			isa = PBXResourcesBuildPhase;
			buildActionMask = 2147483647;
			files = (
			);
			runOnlyForDeploymentPostprocessing = 0;
		};
/* End PBXResourcesBuildPhase section */

/* Begin PBXShellScriptBuildPhase section */
		90A3746EFF32629C7F960713 /* [CP] Check Pods Manifest.lock */ = {
			isa = PBXShellScriptBuildPhase;
			buildActionMask = 2147483647;
			files = (
			);
			inputFileListPaths = (
			);
			inputPaths = (
				"${PODS_PODFILE_DIR_PATH}/Podfile.lock",
				"${PODS_ROOT}/Manifest.lock",
			);
			name = "[CP] Check Pods Manifest.lock";
			outputFileListPaths = (
			);
			outputPaths = (
				"$(DERIVED_FILE_DIR)/Pods-EasyTrackingAnalytics-EasyTrackingAnalyticsTests-checkManifestLockResult.txt",
			);
			runOnlyForDeploymentPostprocessing = 0;
			shellPath = /bin/sh;
			shellScript = "diff \"${PODS_PODFILE_DIR_PATH}/Podfile.lock\" \"${PODS_ROOT}/Manifest.lock\" > /dev/null\nif [ $? != 0 ] ; then\n    # print error to STDERR\n    echo \"error: The sandbox is not in sync with the Podfile.lock. Run 'pod install' or update your CocoaPods installation.\" >&2\n    exit 1\nfi\n# This output is used by Xcode 'outputs' to avoid re-running this script phase.\necho \"SUCCESS\" > \"${SCRIPT_OUTPUT_FILE_0}\"\n";
			showEnvVarsInLog = 0;
		};
		9C99A0690E744583C962E01B /* [CP] Check Pods Manifest.lock */ = {
			isa = PBXShellScriptBuildPhase;
			buildActionMask = 2147483647;
			files = (
			);
			inputFileListPaths = (
			);
			inputPaths = (
				"${PODS_PODFILE_DIR_PATH}/Podfile.lock",
				"${PODS_ROOT}/Manifest.lock",
			);
			name = "[CP] Check Pods Manifest.lock";
			outputFileListPaths = (
			);
			outputPaths = (
				"$(DERIVED_FILE_DIR)/Pods-EasyTrackingAnalytics-checkManifestLockResult.txt",
			);
			runOnlyForDeploymentPostprocessing = 0;
			shellPath = /bin/sh;
			shellScript = "diff \"${PODS_PODFILE_DIR_PATH}/Podfile.lock\" \"${PODS_ROOT}/Manifest.lock\" > /dev/null\nif [ $? != 0 ] ; then\n    # print error to STDERR\n    echo \"error: The sandbox is not in sync with the Podfile.lock. Run 'pod install' or update your CocoaPods installation.\" >&2\n    exit 1\nfi\n# This output is used by Xcode 'outputs' to avoid re-running this script phase.\necho \"SUCCESS\" > \"${SCRIPT_OUTPUT_FILE_0}\"\n";
			showEnvVarsInLog = 0;
		};
		C8931C9859DCF5B991CA49A0 /* [CP] Embed Pods Frameworks */ = {
			isa = PBXShellScriptBuildPhase;
			buildActionMask = 2147483647;
			files = (
			);
			inputFileListPaths = (
				"${PODS_ROOT}/Target Support Files/Pods-EasyTrackingAnalytics-EasyTrackingAnalyticsTests/Pods-EasyTrackingAnalytics-EasyTrackingAnalyticsTests-frameworks-${CONFIGURATION}-input-files.xcfilelist",
			);
			name = "[CP] Embed Pods Frameworks";
			outputFileListPaths = (
				"${PODS_ROOT}/Target Support Files/Pods-EasyTrackingAnalytics-EasyTrackingAnalyticsTests/Pods-EasyTrackingAnalytics-EasyTrackingAnalyticsTests-frameworks-${CONFIGURATION}-output-files.xcfilelist",
			);
			runOnlyForDeploymentPostprocessing = 0;
			shellPath = /bin/sh;
			shellScript = "\"${PODS_ROOT}/Target Support Files/Pods-EasyTrackingAnalytics-EasyTrackingAnalyticsTests/Pods-EasyTrackingAnalytics-EasyTrackingAnalyticsTests-frameworks.sh\"\n";
			showEnvVarsInLog = 0;
		};
/* End PBXShellScriptBuildPhase section */

/* Begin PBXSourcesBuildPhase section */
		1DEFB57324923AED0091A3C4 /* Sources */ = {
			isa = PBXSourcesBuildPhase;
			buildActionMask = 2147483647;
			files = (
				1DEFB59224923CD50091A3C4 /* EasyTrackingProvider.swift in Sources */,
				07BF12722534EF140066D6E1 /* IVWEvent.swift in Sources */,
			);
			runOnlyForDeploymentPostprocessing = 0;
		};
		1DEFB57C24923AED0091A3C4 /* Sources */ = {
			isa = PBXSourcesBuildPhase;
			buildActionMask = 2147483647;
			files = (
				1DEFB58624923AED0091A3C4 /* EasyTrackingAnalyticsTests.swift in Sources */,
			);
			runOnlyForDeploymentPostprocessing = 0;
		};
/* End PBXSourcesBuildPhase section */

/* Begin PBXTargetDependency section */
		1DEFB58324923AED0091A3C4 /* PBXTargetDependency */ = {
			isa = PBXTargetDependency;
			target = 1DEFB57624923AED0091A3C4 /* EasyTrackingAnalytics */;
			targetProxy = 1DEFB58224923AED0091A3C4 /* PBXContainerItemProxy */;
		};
/* End PBXTargetDependency section */

/* Begin XCBuildConfiguration section */
		1DEFB58924923AED0091A3C4 /* Debug */ = {
			isa = XCBuildConfiguration;
			buildSettings = {
				ALWAYS_SEARCH_USER_PATHS = NO;
				CLANG_ANALYZER_NONNULL = YES;
				CLANG_ANALYZER_NUMBER_OBJECT_CONVERSION = YES_AGGRESSIVE;
				CLANG_CXX_LANGUAGE_STANDARD = "gnu++14";
				CLANG_CXX_LIBRARY = "libc++";
				CLANG_ENABLE_MODULES = YES;
				CLANG_ENABLE_OBJC_ARC = YES;
				CLANG_ENABLE_OBJC_WEAK = YES;
				CLANG_WARN_BLOCK_CAPTURE_AUTORELEASING = YES;
				CLANG_WARN_BOOL_CONVERSION = YES;
				CLANG_WARN_COMMA = YES;
				CLANG_WARN_CONSTANT_CONVERSION = YES;
				CLANG_WARN_DEPRECATED_OBJC_IMPLEMENTATIONS = YES;
				CLANG_WARN_DIRECT_OBJC_ISA_USAGE = YES_ERROR;
				CLANG_WARN_DOCUMENTATION_COMMENTS = YES;
				CLANG_WARN_EMPTY_BODY = YES;
				CLANG_WARN_ENUM_CONVERSION = YES;
				CLANG_WARN_INFINITE_RECURSION = YES;
				CLANG_WARN_INT_CONVERSION = YES;
				CLANG_WARN_NON_LITERAL_NULL_CONVERSION = YES;
				CLANG_WARN_OBJC_IMPLICIT_RETAIN_SELF = YES;
				CLANG_WARN_OBJC_LITERAL_CONVERSION = YES;
				CLANG_WARN_OBJC_ROOT_CLASS = YES_ERROR;
				CLANG_WARN_RANGE_LOOP_ANALYSIS = YES;
				CLANG_WARN_STRICT_PROTOTYPES = YES;
				CLANG_WARN_SUSPICIOUS_MOVE = YES;
				CLANG_WARN_UNGUARDED_AVAILABILITY = YES_AGGRESSIVE;
				CLANG_WARN_UNREACHABLE_CODE = YES;
				CLANG_WARN__DUPLICATE_METHOD_MATCH = YES;
				COPY_PHASE_STRIP = NO;
				CURRENT_PROJECT_VERSION = 1;
				DEBUG_INFORMATION_FORMAT = dwarf;
				ENABLE_STRICT_OBJC_MSGSEND = YES;
				ENABLE_TESTABILITY = YES;
				GCC_C_LANGUAGE_STANDARD = gnu11;
				GCC_DYNAMIC_NO_PIC = NO;
				GCC_NO_COMMON_BLOCKS = YES;
				GCC_OPTIMIZATION_LEVEL = 0;
				GCC_PREPROCESSOR_DEFINITIONS = (
					"DEBUG=1",
					"$(inherited)",
				);
				GCC_WARN_64_TO_32_BIT_CONVERSION = YES;
				GCC_WARN_ABOUT_RETURN_TYPE = YES_ERROR;
				GCC_WARN_UNDECLARED_SELECTOR = YES;
				GCC_WARN_UNINITIALIZED_AUTOS = YES_AGGRESSIVE;
				GCC_WARN_UNUSED_FUNCTION = YES;
				GCC_WARN_UNUSED_VARIABLE = YES;
				IPHONEOS_DEPLOYMENT_TARGET = 10.0;
				MTL_ENABLE_DEBUG_INFO = INCLUDE_SOURCE;
				MTL_FAST_MATH = YES;
				ONLY_ACTIVE_ARCH = YES;
				SDKROOT = iphoneos;
				SWIFT_ACTIVE_COMPILATION_CONDITIONS = DEBUG;
				SWIFT_OPTIMIZATION_LEVEL = "-Onone";
				VERSIONING_SYSTEM = "apple-generic";
				VERSION_INFO_PREFIX = "";
			};
			name = Debug;
		};
		1DEFB58A24923AED0091A3C4 /* Release */ = {
			isa = XCBuildConfiguration;
			buildSettings = {
				ALWAYS_SEARCH_USER_PATHS = NO;
				CLANG_ANALYZER_NONNULL = YES;
				CLANG_ANALYZER_NUMBER_OBJECT_CONVERSION = YES_AGGRESSIVE;
				CLANG_CXX_LANGUAGE_STANDARD = "gnu++14";
				CLANG_CXX_LIBRARY = "libc++";
				CLANG_ENABLE_MODULES = YES;
				CLANG_ENABLE_OBJC_ARC = YES;
				CLANG_ENABLE_OBJC_WEAK = YES;
				CLANG_WARN_BLOCK_CAPTURE_AUTORELEASING = YES;
				CLANG_WARN_BOOL_CONVERSION = YES;
				CLANG_WARN_COMMA = YES;
				CLANG_WARN_CONSTANT_CONVERSION = YES;
				CLANG_WARN_DEPRECATED_OBJC_IMPLEMENTATIONS = YES;
				CLANG_WARN_DIRECT_OBJC_ISA_USAGE = YES_ERROR;
				CLANG_WARN_DOCUMENTATION_COMMENTS = YES;
				CLANG_WARN_EMPTY_BODY = YES;
				CLANG_WARN_ENUM_CONVERSION = YES;
				CLANG_WARN_INFINITE_RECURSION = YES;
				CLANG_WARN_INT_CONVERSION = YES;
				CLANG_WARN_NON_LITERAL_NULL_CONVERSION = YES;
				CLANG_WARN_OBJC_IMPLICIT_RETAIN_SELF = YES;
				CLANG_WARN_OBJC_LITERAL_CONVERSION = YES;
				CLANG_WARN_OBJC_ROOT_CLASS = YES_ERROR;
				CLANG_WARN_RANGE_LOOP_ANALYSIS = YES;
				CLANG_WARN_STRICT_PROTOTYPES = YES;
				CLANG_WARN_SUSPICIOUS_MOVE = YES;
				CLANG_WARN_UNGUARDED_AVAILABILITY = YES_AGGRESSIVE;
				CLANG_WARN_UNREACHABLE_CODE = YES;
				CLANG_WARN__DUPLICATE_METHOD_MATCH = YES;
				COPY_PHASE_STRIP = NO;
				CURRENT_PROJECT_VERSION = 1;
				DEBUG_INFORMATION_FORMAT = "dwarf-with-dsym";
				ENABLE_NS_ASSERTIONS = NO;
				ENABLE_STRICT_OBJC_MSGSEND = YES;
				GCC_C_LANGUAGE_STANDARD = gnu11;
				GCC_NO_COMMON_BLOCKS = YES;
				GCC_WARN_64_TO_32_BIT_CONVERSION = YES;
				GCC_WARN_ABOUT_RETURN_TYPE = YES_ERROR;
				GCC_WARN_UNDECLARED_SELECTOR = YES;
				GCC_WARN_UNINITIALIZED_AUTOS = YES_AGGRESSIVE;
				GCC_WARN_UNUSED_FUNCTION = YES;
				GCC_WARN_UNUSED_VARIABLE = YES;
				IPHONEOS_DEPLOYMENT_TARGET = 10.0;
				MTL_ENABLE_DEBUG_INFO = NO;
				MTL_FAST_MATH = YES;
				SDKROOT = iphoneos;
				SWIFT_COMPILATION_MODE = wholemodule;
				SWIFT_OPTIMIZATION_LEVEL = "-O";
				VALIDATE_PRODUCT = YES;
				VERSIONING_SYSTEM = "apple-generic";
				VERSION_INFO_PREFIX = "";
			};
			name = Release;
		};
		1DEFB58C24923AED0091A3C4 /* Debug */ = {
			isa = XCBuildConfiguration;
			baseConfigurationReference = AE493D6B98234BBF9CF05C97 /* Pods-EasyTrackingAnalytics.debug.xcconfig */;
			buildSettings = {
				CLANG_ENABLE_MODULES = YES;
				CODE_SIGN_STYLE = Automatic;
				DEFINES_MODULE = YES;
				DYLIB_COMPATIBILITY_VERSION = 1;
				DYLIB_CURRENT_VERSION = 1;
				DYLIB_INSTALL_NAME_BASE = "@rpath";
				INFOPLIST_FILE = EasyTrackingAnalytics/Info.plist;
				INSTALL_PATH = "$(LOCAL_LIBRARY_DIR)/Frameworks";
				IPHONEOS_DEPLOYMENT_TARGET = 10.0;
				LD_RUNPATH_SEARCH_PATHS = (
					"$(inherited)",
					"@executable_path/Frameworks",
					"@loader_path/Frameworks",
				);
				LIBRARY_SEARCH_PATHS = (
					"$(inherited)",
					"$(PROJECT_DIR)/Pods/GoogleIDFASupport/Libraries",
				);
				MARKETING_VERSION = 0.5.8;
				PRODUCT_BUNDLE_IDENTIFIER = com.applicaster.EasyTrackingAnalytics;
				PRODUCT_NAME = "$(TARGET_NAME:c99extidentifier)";
				SKIP_INSTALL = YES;
				SWIFT_OPTIMIZATION_LEVEL = "-Onone";
				SWIFT_VERSION = 5.0;
				TARGETED_DEVICE_FAMILY = "1,2";
			};
			name = Debug;
		};
		1DEFB58D24923AED0091A3C4 /* Release */ = {
			isa = XCBuildConfiguration;
			baseConfigurationReference = B6A4DD670BCB982FAB334D91 /* Pods-EasyTrackingAnalytics.release.xcconfig */;
			buildSettings = {
				CLANG_ENABLE_MODULES = YES;
				CODE_SIGN_STYLE = Automatic;
				DEFINES_MODULE = YES;
				DYLIB_COMPATIBILITY_VERSION = 1;
				DYLIB_CURRENT_VERSION = 1;
				DYLIB_INSTALL_NAME_BASE = "@rpath";
				INFOPLIST_FILE = EasyTrackingAnalytics/Info.plist;
				INSTALL_PATH = "$(LOCAL_LIBRARY_DIR)/Frameworks";
				IPHONEOS_DEPLOYMENT_TARGET = 10.0;
				LD_RUNPATH_SEARCH_PATHS = (
					"$(inherited)",
					"@executable_path/Frameworks",
					"@loader_path/Frameworks",
				);
				LIBRARY_SEARCH_PATHS = (
					"$(inherited)",
					"$(PROJECT_DIR)/Pods/GoogleIDFASupport/Libraries",
				);
				MARKETING_VERSION = 0.5.8;
				PRODUCT_BUNDLE_IDENTIFIER = com.applicaster.EasyTrackingAnalytics;
				PRODUCT_NAME = "$(TARGET_NAME:c99extidentifier)";
				SKIP_INSTALL = YES;
				SWIFT_VERSION = 5.0;
				TARGETED_DEVICE_FAMILY = "1,2";
			};
			name = Release;
		};
		1DEFB58F24923AED0091A3C4 /* Debug */ = {
			isa = XCBuildConfiguration;
			baseConfigurationReference = 60596C7E60AF94B3C24006D2 /* Pods-EasyTrackingAnalytics-EasyTrackingAnalyticsTests.debug.xcconfig */;
			buildSettings = {
				ALWAYS_EMBED_SWIFT_STANDARD_LIBRARIES = YES;
				CODE_SIGN_STYLE = Automatic;
				INFOPLIST_FILE = EasyTrackingAnalyticsTests/Info.plist;
				LD_RUNPATH_SEARCH_PATHS = (
					"$(inherited)",
					"@executable_path/Frameworks",
					"@loader_path/Frameworks",
				);
				PRODUCT_BUNDLE_IDENTIFIER = com.applicaster.EasyTrackingAnalyticsTests;
				PRODUCT_NAME = "$(TARGET_NAME)";
				SWIFT_VERSION = 5.0;
				TARGETED_DEVICE_FAMILY = "1,2";
			};
			name = Debug;
		};
		1DEFB59024923AED0091A3C4 /* Release */ = {
			isa = XCBuildConfiguration;
			baseConfigurationReference = 6E92943D6F16CAE935103C6D /* Pods-EasyTrackingAnalytics-EasyTrackingAnalyticsTests.release.xcconfig */;
			buildSettings = {
				ALWAYS_EMBED_SWIFT_STANDARD_LIBRARIES = YES;
				CODE_SIGN_STYLE = Automatic;
				INFOPLIST_FILE = EasyTrackingAnalyticsTests/Info.plist;
				LD_RUNPATH_SEARCH_PATHS = (
					"$(inherited)",
					"@executable_path/Frameworks",
					"@loader_path/Frameworks",
				);
				PRODUCT_BUNDLE_IDENTIFIER = com.applicaster.EasyTrackingAnalyticsTests;
				PRODUCT_NAME = "$(TARGET_NAME)";
				SWIFT_VERSION = 5.0;
				TARGETED_DEVICE_FAMILY = "1,2";
			};
			name = Release;
		};
/* End XCBuildConfiguration section */

/* Begin XCConfigurationList section */
		1DEFB57124923AED0091A3C4 /* Build configuration list for PBXProject "EasyTrackingAnalytics" */ = {
			isa = XCConfigurationList;
			buildConfigurations = (
				1DEFB58924923AED0091A3C4 /* Debug */,
				1DEFB58A24923AED0091A3C4 /* Release */,
			);
			defaultConfigurationIsVisible = 0;
			defaultConfigurationName = Release;
		};
		1DEFB58B24923AED0091A3C4 /* Build configuration list for PBXNativeTarget "EasyTrackingAnalytics" */ = {
			isa = XCConfigurationList;
			buildConfigurations = (
				1DEFB58C24923AED0091A3C4 /* Debug */,
				1DEFB58D24923AED0091A3C4 /* Release */,
			);
			defaultConfigurationIsVisible = 0;
			defaultConfigurationName = Release;
		};
		1DEFB58E24923AED0091A3C4 /* Build configuration list for PBXNativeTarget "EasyTrackingAnalyticsTests" */ = {
			isa = XCConfigurationList;
			buildConfigurations = (
				1DEFB58F24923AED0091A3C4 /* Debug */,
				1DEFB59024923AED0091A3C4 /* Release */,
			);
			defaultConfigurationIsVisible = 0;
			defaultConfigurationName = Release;
		};
/* End XCConfigurationList section */
	};
	rootObject = 1DEFB56E24923AED0091A3C4 /* Project object */;
}
